// !$*UTF8*$!
{
	archiveVersion = 1;
	classes = {
	};
	objectVersion = 46;
	objects = {

/* Begin PBXBuildFile section */
		8D7337B319C0C888002C41CA /* AppDelegate.swift in Sources */ = {isa = PBXBuildFile; fileRef = 8D7337B219C0C888002C41CA /* AppDelegate.swift */; };
		8D7337B519C0C888002C41CA /* ViewController.swift in Sources */ = {isa = PBXBuildFile; fileRef = 8D7337B419C0C888002C41CA /* ViewController.swift */; };
		8D7337B819C0C888002C41CA /* Main.storyboard in Resources */ = {isa = PBXBuildFile; fileRef = 8D7337B619C0C888002C41CA /* Main.storyboard */; };
		8D7337BA19C0C889002C41CA /* Images.xcassets in Resources */ = {isa = PBXBuildFile; fileRef = 8D7337B919C0C889002C41CA /* Images.xcassets */; };
		8D7337BD19C0C88A002C41CA /* LaunchScreen.xib in Resources */ = {isa = PBXBuildFile; fileRef = 8D7337BB19C0C88A002C41CA /* LaunchScreen.xib */; };
		8D7337C919C0C88B002C41CA /* postcardTests.swift in Sources */ = {isa = PBXBuildFile; fileRef = 8D7337C819C0C88B002C41CA /* postcardTests.swift */; };
		8D7337D319C0CD27002C41CA /* dirk scheele.jpg in Resources */ = {isa = PBXBuildFile; fileRef = 8D7337D219C0CD27002C41CA /* dirk scheele.jpg */; };
		8D7337D519C0DC49002C41CA /* face_painting_challenge_day_6__domestic_animal_by_akatsukigarralover-d79eqj0.jpg in Resources */ = {isa = PBXBuildFile; fileRef = 8D7337D419C0DC49002C41CA /* face_painting_challenge_day_6__domestic_animal_by_akatsukigarralover-d79eqj0.jpg */; };
/* End PBXBuildFile section */

/* Begin PBXContainerItemProxy section */
		8D7337C319C0C88A002C41CA /* PBXContainerItemProxy */ = {
			isa = PBXContainerItemProxy;
			containerPortal = 8D7337A519C0C887002C41CA /* Project object */;
			proxyType = 1;
			remoteGlobalIDString = 8D7337AC19C0C887002C41CA;
			remoteInfo = postcard;
		};
/* End PBXContainerItemProxy section */

/* Begin PBXFileReference section */
		8D7337AD19C0C887002C41CA /* postcard.app */ = {isa = PBXFileReference; explicitFileType = wrapper.application; includeInIndex = 0; path = postcard.app; sourceTree = BUILT_PRODUCTS_DIR; };
		8D7337B119C0C887002C41CA /* Info.plist */ = {isa = PBXFileReference; lastKnownFileType = text.plist.xml; path = Info.plist; sourceTree = "<group>"; };
		8D7337B219C0C888002C41CA /* AppDelegate.swift */ = {isa = PBXFileReference; lastKnownFileType = sourcecode.swift; path = AppDelegate.swift; sourceTree = "<group>"; };
		8D7337B419C0C888002C41CA /* ViewController.swift */ = {isa = PBXFileReference; lastKnownFileType = sourcecode.swift; path = ViewController.swift; sourceTree = "<group>"; };
		8D7337B719C0C888002C41CA /* Base */ = {isa = PBXFileReference; lastKnownFileType = file.storyboard; name = Base; path = Base.lproj/Main.storyboard; sourceTree = "<group>"; };
		8D7337B919C0C889002C41CA /* Images.xcassets */ = {isa = PBXFileReference; lastKnownFileType = folder.assetcatalog; path = Images.xcassets; sourceTree = "<group>"; };
		8D7337BC19C0C88A002C41CA /* Base */ = {isa = PBXFileReference; lastKnownFileType = file.xib; name = Base; path = Base.lproj/LaunchScreen.xib; sourceTree = "<group>"; };
		8D7337C219C0C88A002C41CA /* postcardTests.xctest */ = {isa = PBXFileReference; explicitFileType = wrapper.cfbundle; includeInIndex = 0; path = postcardTests.xctest; sourceTree = BUILT_PRODUCTS_DIR; };
		8D7337C719C0C88B002C41CA /* Info.plist */ = {isa = PBXFileReference; lastKnownFileType = text.plist.xml; path = Info.plist; sourceTree = "<group>"; };
		8D7337C819C0C88B002C41CA /* postcardTests.swift */ = {isa = PBXFileReference; lastKnownFileType = sourcecode.swift; path = postcardTests.swift; sourceTree = "<group>"; };
		8D7337D219C0CD27002C41CA /* dirk scheele.jpg */ = {isa = PBXFileReference; lastKnownFileType = image.jpeg; path = "dirk scheele.jpg"; sourceTree = "<group>"; };
		8D7337D419C0DC49002C41CA /* face_painting_challenge_day_6__domestic_animal_by_akatsukigarralover-d79eqj0.jpg */ = {isa = PBXFileReference; lastKnownFileType = image.jpeg; path = "face_painting_challenge_day_6__domestic_animal_by_akatsukigarralover-d79eqj0.jpg"; sourceTree = "<group>"; };
/* End PBXFileReference section */

/* Begin PBXFrameworksBuildPhase section */
		8D7337AA19C0C887002C41CA /* Frameworks */ = {
			isa = PBXFrameworksBuildPhase;
			buildActionMask = 2147483647;
			files = (
			);
			runOnlyForDeploymentPostprocessing = 0;
		};
		8D7337BF19C0C88A002C41CA /* Frameworks */ = {
			isa = PBXFrameworksBuildPhase;
			buildActionMask = 2147483647;
			files = (
			);
			runOnlyForDeploymentPostprocessing = 0;
		};
/* End PBXFrameworksBuildPhase section */

/* Begin PBXGroup section */
		8D7337A419C0C887002C41CA = {
			isa = PBXGroup;
			children = (
				8D7337AF19C0C887002C41CA /* postcard */,
				8D7337C519C0C88A002C41CA /* postcardTests */,
				8D7337AE19C0C887002C41CA /* Products */,
			);
			sourceTree = "<group>";
		};
		8D7337AE19C0C887002C41CA /* Products */ = {
			isa = PBXGroup;
			children = (
				8D7337AD19C0C887002C41CA /* postcard.app */,
				8D7337C219C0C88A002C41CA /* postcardTests.xctest */,
			);
			name = Products;
			sourceTree = "<group>";
		};
		8D7337AF19C0C887002C41CA /* postcard */ = {
			isa = PBXGroup;
			children = (
				8D7337B219C0C888002C41CA /* AppDelegate.swift */,
				8D7337B419C0C888002C41CA /* ViewController.swift */,
				8D7337B619C0C888002C41CA /* Main.storyboard */,
				8D7337B919C0C889002C41CA /* Images.xcassets */,
				8D7337BB19C0C88A002C41CA /* LaunchScreen.xib */,
				8D7337B019C0C887002C41CA /* Supporting Files */,
			);
			path = postcard;
			sourceTree = "<group>";
		};
		8D7337B019C0C887002C41CA /* Supporting Files */ = {
			isa = PBXGroup;
			children = (
				8D7337B119C0C887002C41CA /* Info.plist */,
				8D7337D219C0CD27002C41CA /* dirk scheele.jpg */,
				8D7337D419C0DC49002C41CA /* face_painting_challenge_day_6__domestic_animal_by_akatsukigarralover-d79eqj0.jpg */,
			);
			name = "Supporting Files";
			sourceTree = "<group>";
		};
		8D7337C519C0C88A002C41CA /* postcardTests */ = {
			isa = PBXGroup;
			children = (
				8D7337C819C0C88B002C41CA /* postcardTests.swift */,
				8D7337C619C0C88B002C41CA /* Supporting Files */,
			);
			path = postcardTests;
			sourceTree = "<group>";
		};
		8D7337C619C0C88B002C41CA /* Supporting Files */ = {
			isa = PBXGroup;
			children = (
				8D7337C719C0C88B002C41CA /* Info.plist */,
			);
			name = "Supporting Files";
			sourceTree = "<group>";
		};
/* End PBXGroup section */

/* Begin PBXNativeTarget section */
		8D7337AC19C0C887002C41CA /* postcard */ = {
			isa = PBXNativeTarget;
			buildConfigurationList = 8D7337CC19C0C88B002C41CA /* Build configuration list for PBXNativeTarget "postcard" */;
			buildPhases = (
				8D7337A919C0C887002C41CA /* Sources */,
				8D7337AA19C0C887002C41CA /* Frameworks */,
				8D7337AB19C0C887002C41CA /* Resources */,
			);
			buildRules = (
			);
			dependencies = (
			);
			name = postcard;
			productName = postcard;
			productReference = 8D7337AD19C0C887002C41CA /* postcard.app */;
			productType = "com.apple.product-type.application";
		};
		8D7337C119C0C88A002C41CA /* postcardTests */ = {
			isa = PBXNativeTarget;
			buildConfigurationList = 8D7337CF19C0C88B002C41CA /* Build configuration list for PBXNativeTarget "postcardTests" */;
			buildPhases = (
				8D7337BE19C0C88A002C41CA /* Sources */,
				8D7337BF19C0C88A002C41CA /* Frameworks */,
				8D7337C019C0C88A002C41CA /* Resources */,
			);
			buildRules = (
			);
			dependencies = (
				8D7337C419C0C88A002C41CA /* PBXTargetDependency */,
			);
			name = postcardTests;
			productName = postcardTests;
			productReference = 8D7337C219C0C88A002C41CA /* postcardTests.xctest */;
			productType = "com.apple.product-type.bundle.unit-test";
		};
/* End PBXNativeTarget section */

/* Begin PBXProject section */
		8D7337A519C0C887002C41CA /* Project object */ = {
			isa = PBXProject;
			attributes = {
				LastUpgradeCheck = 0600;
				ORGANIZATIONNAME = "yde weistra";
				TargetAttributes = {
					8D7337AC19C0C887002C41CA = {
						CreatedOnToolsVersion = 6.0;
						DevelopmentTeam = Y6Y63593AV;
					};
					8D7337C119C0C88A002C41CA = {
						CreatedOnToolsVersion = 6.0;
						TestTargetID = 8D7337AC19C0C887002C41CA;
					};
				};
			};
			buildConfigurationList = 8D7337A819C0C887002C41CA /* Build configuration list for PBXProject "postcard" */;
			compatibilityVersion = "Xcode 3.2";
			developmentRegion = English;
			hasScannedForEncodings = 0;
			knownRegions = (
				en,
				Base,
			);
			mainGroup = 8D7337A419C0C887002C41CA;
			productRefGroup = 8D7337AE19C0C887002C41CA /* Products */;
			projectDirPath = "";
			projectRoot = "";
			targets = (
				8D7337AC19C0C887002C41CA /* postcard */,
				8D7337C119C0C88A002C41CA /* postcardTests */,
			);
		};
/* End PBXProject section */

/* Begin PBXResourcesBuildPhase section */
		8D7337AB19C0C887002C41CA /* Resources */ = {
			isa = PBXResourcesBuildPhase;
			buildActionMask = 2147483647;
			files = (
				8D7337B819C0C888002C41CA /* Main.storyboard in Resources */,
				8D7337BD19C0C88A002C41CA /* LaunchScreen.xib in Resources */,
				8D7337D319C0CD27002C41CA /* dirk scheele.jpg in Resources */,
				8D7337D519C0DC49002C41CA /* face_painting_challenge_day_6__domestic_animal_by_akatsukigarralover-d79eqj0.jpg in Resources */,
				8D7337BA19C0C889002C41CA /* Images.xcassets in Resources */,
			);
			runOnlyForDeploymentPostprocessing = 0;
		};
		8D7337C019C0C88A002C41CA /* Resources */ = {
			isa = PBXResourcesBuildPhase;
			buildActionMask = 2147483647;
			files = (
			);
			runOnlyForDeploymentPostprocessing = 0;
		};
/* End PBXResourcesBuildPhase section */

/* Begin PBXSourcesBuildPhase section */
		8D7337A919C0C887002C41CA /* Sources */ = {
			isa = PBXSourcesBuildPhase;
			buildActionMask = 2147483647;
			files = (
				8D7337B519C0C888002C41CA /* ViewController.swift in Sources */,
				8D7337B319C0C888002C41CA /* AppDelegate.swift in Sources */,
			);
			runOnlyForDeploymentPostprocessing = 0;
		};
		8D7337BE19C0C88A002C41CA /* Sources */ = {
			isa = PBXSourcesBuildPhase;
			buildActionMask = 2147483647;
			files = (
				8D7337C919C0C88B002C41CA /* postcardTests.swift in Sources */,
			);
			runOnlyForDeploymentPostprocessing = 0;
		};
/* End PBXSourcesBuildPhase section */

/* Begin PBXTargetDependency section */
		8D7337C419C0C88A002C41CA /* PBXTargetDependency */ = {
			isa = PBXTargetDependency;
			target = 8D7337AC19C0C887002C41CA /* postcard */;
			targetProxy = 8D7337C319C0C88A002C41CA /* PBXContainerItemProxy */;
		};
/* End PBXTargetDependency section */

/* Begin PBXVariantGroup section */
		8D7337B619C0C888002C41CA /* Main.storyboard */ = {
			isa = PBXVariantGroup;
			children = (
				8D7337B719C0C888002C41CA /* Base */,
			);
			name = Main.storyboard;
			sourceTree = "<group>";
		};
		8D7337BB19C0C88A002C41CA /* LaunchScreen.xib */ = {
			isa = PBXVariantGroup;
			children = (
				8D7337BC19C0C88A002C41CA /* Base */,
			);
			name = LaunchScreen.xib;
			sourceTree = "<group>";
		};
/* End PBXVariantGroup section */

/* Begin XCBuildConfiguration section */
		8D7337CA19C0C88B002C41CA /* Debug */ = {
			isa = XCBuildConfiguration;
			buildSettings = {
				ALWAYS_SEARCH_USER_PATHS = NO;
				CLANG_CXX_LANGUAGE_STANDARD = "gnu++0x";
				CLANG_CXX_LIBRARY = "libc++";
				CLANG_ENABLE_MODULES = YES;
				CLANG_ENABLE_OBJC_ARC = YES;
				CLANG_WARN_BOOL_CONVERSION = YES;
				CLANG_WARN_CONSTANT_CONVERSION = YES;
				CLANG_WARN_DIRECT_OBJC_ISA_USAGE = YES_ERROR;
				CLANG_WARN_EMPTY_BODY = YES;
				CLANG_WARN_ENUM_CONVERSION = YES;
				CLANG_WARN_INT_CONVERSION = YES;
				CLANG_WARN_OBJC_ROOT_CLASS = YES_ERROR;
				CLANG_WARN_UNREACHABLE_CODE = YES;
				CLANG_WARN__DUPLICATE_METHOD_MATCH = YES;
				"CODE_SIGN_IDENTITY[sdk=iphoneos*]" = "iPhone Developer";
				COPY_PHASE_STRIP = NO;
				ENABLE_STRICT_OBJC_MSGSEND = YES;
				GCC_C_LANGUAGE_STANDARD = gnu99;
				GCC_DYNAMIC_NO_PIC = NO;
				GCC_OPTIMIZATION_LEVEL = 0;
				GCC_PREPROCESSOR_DEFINITIONS = (
					"DEBUG=1",
					"$(inherited)",
				);
				GCC_SYMBOLS_PRIVATE_EXTERN = NO;
				GCC_WARN_64_TO_32_BIT_CONVERSION = YES;
				GCC_WARN_ABOUT_RETURN_TYPE = YES_ERROR;
				GCC_WARN_UNDECLARED_SELECTOR = YES;
				GCC_WARN_UNINITIALIZED_AUTOS = YES_AGGRESSIVE;
				GCC_WARN_UNUSED_FUNCTION = YES;
				GCC_WARN_UNUSED_VARIABLE = YES;
				IPHONEOS_DEPLOYMENT_TARGET = 8.0;
				MTL_ENABLE_DEBUG_INFO = YES;
				ONLY_ACTIVE_ARCH = YES;
				SDKROOT = iphoneos;
				SWIFT_OPTIMIZATION_LEVEL = "-Onone";
			};
			name = Debug;
		};
		8D7337CB19C0C88B002C41CA /* Release */ = {
			isa = XCBuildConfiguration;
			buildSettings = {
				ALWAYS_SEARCH_USER_PATHS = NO;
				CLANG_CXX_LANGUAGE_STANDARD = "gnu++0x";
				CLANG_CXX_LIBRARY = "libc++";
				CLANG_ENABLE_MODULES = YES;
				CLANG_ENABLE_OBJC_ARC = YES;
				CLANG_WARN_BOOL_CONVERSION = YES;
				CLANG_WARN_CONSTANT_CONVERSION = YES;
				CLANG_WARN_DIRECT_OBJC_ISA_USAGE = YES_ERROR;
				CLANG_WARN_EMPTY_BODY = YES;
				CLANG_WARN_ENUM_CONVERSION = YES;
				CLANG_WARN_INT_CONVERSION = YES;
				CLANG_WARN_OBJC_ROOT_CLASS = YES_ERROR;
				CLANG_WARN_UNREACHABLE_CODE = YES;
				CLANG_WARN__DUPLICATE_METHOD_MATCH = YES;
				"CODE_SIGN_IDENTITY[sdk=iphoneos*]" = "iPhone Developer";
				COPY_PHASE_STRIP = YES;
				ENABLE_NS_ASSERTIONS = NO;
				ENABLE_STRICT_OBJC_MSGSEND = YES;
				GCC_C_LANGUAGE_STANDARD = gnu99;
				GCC_WARN_64_TO_32_BIT_CONVERSION = YES;
				GCC_WARN_ABOUT_RETURN_TYPE = YES_ERROR;
				GCC_WARN_UNDECLARED_SELECTOR = YES;
				GCC_WARN_UNINITIALIZED_AUTOS = YES_AGGRESSIVE;
				GCC_WARN_UNUSED_FUNCTION = YES;
				GCC_WARN_UNUSED_VARIABLE = YES;
				IPHONEOS_DEPLOYMENT_TARGET = 8.0;
				MTL_ENABLE_DEBUG_INFO = NO;
				SDKROOT = iphoneos;
				VALIDATE_PRODUCT = YES;
			};
			name = Release;
		};
		8D7337CD19C0C88B002C41CA /* Debug */ = {
			isa = XCBuildConfiguration;
			buildSettings = {
				ASSETCATALOG_COMPILER_APPICON_NAME = AppIcon;
				INFOPLIST_FILE = postcard/Info.plist;
				LD_RUNPATH_SEARCH_PATHS = "$(inherited) @executable_path/Frameworks";
				PRODUCT_NAME = "$(TARGET_NAME)";
			};
			name = Debug;
		};
		8D7337CE19C0C88B002C41CA /* Release */ = {
			isa = XCBuildConfiguration;
			buildSettings = {
				ASSETCATALOG_COMPILER_APPICON_NAME = AppIcon;
				INFOPLIST_FILE = postcard/Info.plist;
				LD_RUNPATH_SEARCH_PATHS = "$(inherited) @executable_path/Frameworks";
				PRODUCT_NAME = "$(TARGET_NAME)";
			};
			name = Release;
		};
		8D7337D019C0C88B002C41CA /* Debug */ = {
			isa = XCBuildConfiguration;
			buildSettings = {
				BUNDLE_LOADER = "$(TEST_HOST)";
				FRAMEWORK_SEARCH_PATHS = (
					"$(SDKROOT)/Developer/Library/Frameworks",
					"$(inherited)",
				);
				GCC_PREPROCESSOR_DEFINITIONS = (
					"DEBUG=1",
					"$(inherited)",
				);
				INFOPLIST_FILE = postcardTests/Info.plist;
				LD_RUNPATH_SEARCH_PATHS = "$(inherited) @executable_path/Frameworks @loader_path/Frameworks";
				PRODUCT_NAME = "$(TARGET_NAME)";
				TEST_HOST = "$(BUILT_PRODUCTS_DIR)/postcard.app/postcard";
			};
			name = Debug;
		};
		8D7337D119C0C88B002C41CA /* Release */ = {
			isa = XCBuildConfiguration;
			buildSettings = {
				BUNDLE_LOADER = "$(TEST_HOST)";
				FRAMEWORK_SEARCH_PATHS = (
					"$(SDKROOT)/Developer/Library/Frameworks",
					"$(inherited)",
				);
				INFOPLIST_FILE = postcardTests/Info.plist;
				LD_RUNPATH_SEARCH_PATHS = "$(inherited) @executable_path/Frameworks @loader_path/Frameworks";
				PRODUCT_NAME = "$(TARGET_NAME)";
				TEST_HOST = "$(BUILT_PRODUCTS_DIR)/postcard.app/postcard";
			};
			name = Release;
		};
/* End XCBuildConfiguration section */

/* Begin XCConfigurationList section */
		8D7337A819C0C887002C41CA /* Build configuration list for PBXProject "postcard" */ = {
			isa = XCConfigurationList;
			buildConfigurations = (
				8D7337CA19C0C88B002C41CA /* Debug */,
				8D7337CB19C0C88B002C41CA /* Release */,
			);
			defaultConfigurationIsVisible = 0;
			defaultConfigurationName = Release;
		};
		8D7337CC19C0C88B002C41CA /* Build configuration list for PBXNativeTarget "postcard" */ = {
			isa = XCConfigurationList;
			buildConfigurations = (
				8D7337CD19C0C88B002C41CA /* Debug */,
				8D7337CE19C0C88B002C41CA /* Release */,
			);
			defaultConfigurationIsVisible = 0;
		};
		8D7337CF19C0C88B002C41CA /* Build configuration list for PBXNativeTarget "postcardTests" */ = {
			isa = XCConfigurationList;
			buildConfigurations = (
				8D7337D019C0C88B002C41CA /* Debug */,
				8D7337D119C0C88B002C41CA /* Release */,
			);
			defaultConfigurationIsVisible = 0;
		};
/* End XCConfigurationList section */
	};
	rootObject = 8D7337A519C0C887002C41CA /* Project object */;
}
